
Microsoft Visual Studio Solution File, Format Version 12.00
# Visual Studio Version 16
VisualStudioVersion = 16.0.32106.194
MinimumVisualStudioVersion = 10.0.40219.1
Project("{FAE04EC0-301F-11D3-BF4B-00C04F79EFBC}") = "Assembly-CSharp", "Assembly-CSharp.csproj", "{6B39F79F-3554-51A5-3D66-C9F6D9AEE001}"
EndProject
Project("{FAE04EC0-301F-11D3-BF4B-00C04F79EFBC}") = "Assembly-CSharp-firstpass", "Assembly-CSharp-firstpass.csproj", "{C5416533-443E-3CF2-0EAE-AAE102265B1A}"
EndProject
Global
	GlobalSection(SolutionConfigurationPlatforms) = preSolution
		Debug|Any CPU = Debug|Any CPU
		Release|Any CPU = Release|Any CPU
	EndGlobalSection
	GlobalSection(ProjectConfigurationPlatforms) = postSolution
		{6B39F79F-3554-51A5-3D66-C9F6D9AEE001}.Debug|Any CPU.ActiveCfg = Debug|Any CPU
		{6B39F79F-3554-51A5-3D66-C9F6D9AEE001}.Debug|Any CPU.Build.0 = Debug|Any CPU
		{6B39F79F-3554-51A5-3D66-C9F6D9AEE001}.Release|Any CPU.ActiveCfg = Release|Any CPU
		{6B39F79F-3554-51A5-3D66-C9F6D9AEE001}.Release|Any CPU.Build.0 = Release|Any CPU
		{C5416533-443E-3CF2-0EAE-AAE102265B1A}.Debug|Any CPU.ActiveCfg = Debug|Any CPU
		{C5416533-443E-3CF2-0EAE-AAE102265B1A}.Debug|Any CPU.Build.0 = Debug|Any CPU
		{C5416533-443E-3CF2-0EAE-AAE102265B1A}.Release|Any CPU.ActiveCfg = Release|Any CPU
		{C5416533-443E-3CF2-0EAE-AAE102265B1A}.Release|Any CPU.Build.0 = Release|Any CPU
	EndGlobalSection
	GlobalSection(SolutionProperties) = preSolution
		HideSolutionNode = FALSE
	EndGlobalSection
	GlobalSection(ExtensibilityGlobals) = postSolution
		SolutionGuid = {C2480184-525E-4134-8D9C-825880B982CC}
	EndGlobalSection
EndGlobal
